{
  "name": "lesson-builder",
  "version": "1.0.0",
  "lockfileVersion": 3,
  "requires": true,
  "packages": {
    "": {
      "name": "lesson-builder",
      "version": "1.0.0",
      "license": "ISC",
      "workspaces": [
        "services/client",
        "services/server"
      ]
    },
    "node_modules/client": {
      "resolved": "services/client",
      "link": true
    },
    "node_modules/server": {
      "resolved": "services/server",
      "link": true
    },
    "services/client": {
      "version": "1.0.0",
      "license": "ISC"
    },
    "services/server": {
      "version": "1.0.0",
      "license": "ISC",
      "devDependencies": {}
    }
  }
}
